// !$*UTF8*$!
{
	archiveVersion = 1;
	classes = {
	};
	objectVersion = 56;
	objects = {

/* Begin PBXBuildFile section */
		800886062B3DC80A00937A96 /* DownloadDroneMedia.swift in Sources */ = {isa = PBXBuildFile; fileRef = 800886052B3DC80A00937A96 /* DownloadDroneMedia.swift */; };
		800886082B3DC96D00937A96 /* SimpleDateFormatter.swift in Sources */ = {isa = PBXBuildFile; fileRef = 800886072B3DC96D00937A96 /* SimpleDateFormatter.swift */; };
		8008860B2B3DC9E300937A96 /* ViewType.swift in Sources */ = {isa = PBXBuildFile; fileRef = 8008860A2B3DC9E300937A96 /* ViewType.swift */; };
		8008860D2B3DCA3B00937A96 /* MediaFilter.swift in Sources */ = {isa = PBXBuildFile; fileRef = 8008860C2B3DCA3B00937A96 /* MediaFilter.swift */; };
		800886112B3DCA6A00937A96 /* MediaDownloadState.swift in Sources */ = {isa = PBXBuildFile; fileRef = 800886102B3DCA6A00937A96 /* MediaDownloadState.swift */; };
		800886132B3DCF6700937A96 /* CRFly.swift in Sources */ = {isa = PBXBuildFile; fileRef = 800886122B3DCF6700937A96 /* CRFly.swift */; };
		800886152B3DD23B00937A96 /* MediaUploadState.swift in Sources */ = {isa = PBXBuildFile; fileRef = 800886142B3DD23B00937A96 /* MediaUploadState.swift */; };
		803D79B3294E053300DC0D3E /* AppController.swift in Sources */ = {isa = PBXBuildFile; fileRef = 803D79B2294E053300DC0D3E /* AppController.swift */; };
		803D79B7294E053500DC0D3E /* Assets.xcassets in Resources */ = {isa = PBXBuildFile; fileRef = 803D79B6294E053500DC0D3E /* Assets.xcassets */; };
		8056F1C12B3E12B8001DC8B6 /* AlbumSource.swift in Sources */ = {isa = PBXBuildFile; fileRef = 8056F1C02B3E12B8001DC8B6 /* AlbumSource.swift */; };
		8056F1C72B3E1418001DC8B6 /* MediaItem.swift in Sources */ = {isa = PBXBuildFile; fileRef = 8056F1C62B3E1418001DC8B6 /* MediaItem.swift */; };
		805A758C2AAB121C00EB53D2 /* ViewController.swift in Sources */ = {isa = PBXBuildFile; fileRef = 805A758B2AAB121C00EB53D2 /* ViewController.swift */; };
		805A75952AAB2FFD00EB53D2 /* ApplicationData.swift in Sources */ = {isa = PBXBuildFile; fileRef = 805A75942AAB2FFD00EB53D2 /* ApplicationData.swift */; };
		805A75992AAB323A00EB53D2 /* ScannerView.swift in Sources */ = {isa = PBXBuildFile; fileRef = 805A75982AAB323A00EB53D2 /* ScannerView.swift */; };
		805C1D0E2B3681D8001371C6 /* ManualInputView.swift in Sources */ = {isa = PBXBuildFile; fileRef = 805C1D0D2B3681D8001371C6 /* ManualInputView.swift */; };
		805E70602AA5D680008220FC /* RCCommand.swift in Sources */ = {isa = PBXBuildFile; fileRef = 805E705F2AA5D680008220FC /* RCCommand.swift */; };
		80AFDF572AA9E6FB00D26F88 /* MainView.swift in Sources */ = {isa = PBXBuildFile; fileRef = 80AFDF562AA9E6FB00D26F88 /* MainView.swift */; };
		80B7B3092B34A3AF000D5498 /* QRCodeScanner.swift in Sources */ = {isa = PBXBuildFile; fileRef = 80B7B3082B34A3AF000D5498 /* QRCodeScanner.swift */; };
		80B7B30B2B35D5BD000D5498 /* QRScannerView.swift in Sources */ = {isa = PBXBuildFile; fileRef = 80B7B30A2B35D5BC000D5498 /* QRScannerView.swift */; };
		80D6343E2B375F75006F3CE9 /* RCNodeController.swift in Sources */ = {isa = PBXBuildFile; fileRef = 80D6343D2B375F75006F3CE9 /* RCNodeController.swift */; };
		80ED9CA12B3C85940026082C /* DroneCommand.swift in Sources */ = {isa = PBXBuildFile; fileRef = 80ED9CA02B3C85940026082C /* DroneCommand.swift */; };
		80ED9CA32B3C85C00026082C /* EnterDroneAlbum.swift in Sources */ = {isa = PBXBuildFile; fileRef = 80ED9CA22B3C85C00026082C /* EnterDroneAlbum.swift */; };
		80ED9CA52B3CB7480026082C /* FetchDroneMedia.swift in Sources */ = {isa = PBXBuildFile; fileRef = 80ED9CA42B3CB7480026082C /* FetchDroneMedia.swift */; };
		80ED9CAC2B3CC00F0026082C /* DroneHelper.swift in Sources */ = {isa = PBXBuildFile; fileRef = 80ED9CAB2B3CC00E0026082C /* DroneHelper.swift */; };
		80F55C382B3A3DA5000B4383 /* LocationController.swift in Sources */ = {isa = PBXBuildFile; fileRef = 80F55C372B3A3DA5000B4383 /* LocationController.swift */; };
		80F55C3B2B3B4412000B4383 /* AlbumView.swift in Sources */ = {isa = PBXBuildFile; fileRef = 80F55C3A2B3B4412000B4383 /* AlbumView.swift */; };
		80F55C412B3B5730000B4383 /* AlbumTopBar.swift in Sources */ = {isa = PBXBuildFile; fileRef = 80F55C402B3B5730000B4383 /* AlbumTopBar.swift */; };
		80F55C432B3B5B0F000B4383 /* AlbumBottomBar.swift in Sources */ = {isa = PBXBuildFile; fileRef = 80F55C422B3B5B0F000B4383 /* AlbumBottomBar.swift */; };
		80F55C452B3B6ED2000B4383 /* AlbumMediaList.swift in Sources */ = {isa = PBXBuildFile; fileRef = 80F55C442B3B6ED2000B4383 /* AlbumMediaList.swift */; };
		80F55C472B3C5100000B4383 /* DroneController.swift in Sources */ = {isa = PBXBuildFile; fileRef = 80F55C462B3C5100000B4383 /* DroneController.swift */; };
		D639DC86FBD6DB049026CEFC /* Pods_CR_Fly.framework in Frameworks */ = {isa = PBXBuildFile; fileRef = 9FA9A52089964519B5295167 /* Pods_CR_Fly.framework */; };
/* End PBXBuildFile section */

/* Begin PBXFileReference section */
		800886052B3DC80A00937A96 /* DownloadDroneMedia.swift */ = {isa = PBXFileReference; lastKnownFileType = sourcecode.swift; path = DownloadDroneMedia.swift; sourceTree = "<group>"; };
		800886072B3DC96D00937A96 /* SimpleDateFormatter.swift */ = {isa = PBXFileReference; lastKnownFileType = sourcecode.swift; path = SimpleDateFormatter.swift; sourceTree = "<group>"; };
		8008860A2B3DC9E300937A96 /* ViewType.swift */ = {isa = PBXFileReference; lastKnownFileType = sourcecode.swift; path = ViewType.swift; sourceTree = "<group>"; };
		8008860C2B3DCA3B00937A96 /* MediaFilter.swift */ = {isa = PBXFileReference; lastKnownFileType = sourcecode.swift; path = MediaFilter.swift; sourceTree = "<group>"; };
		800886102B3DCA6A00937A96 /* MediaDownloadState.swift */ = {isa = PBXFileReference; lastKnownFileType = sourcecode.swift; path = MediaDownloadState.swift; sourceTree = "<group>"; };
		800886122B3DCF6700937A96 /* CRFly.swift */ = {isa = PBXFileReference; lastKnownFileType = sourcecode.swift; path = CRFly.swift; sourceTree = "<group>"; };
		800886142B3DD23B00937A96 /* MediaUploadState.swift */ = {isa = PBXFileReference; lastKnownFileType = sourcecode.swift; path = MediaUploadState.swift; sourceTree = "<group>"; };
		8027C1DC29584A7C00E0B6AC /* CR-Fly-Info.plist */ = {isa = PBXFileReference; lastKnownFileType = text.plist; path = "CR-Fly-Info.plist"; sourceTree = SOURCE_ROOT; };
		803D79AF294E053300DC0D3E /* CR Fly.app */ = {isa = PBXFileReference; explicitFileType = wrapper.application; includeInIndex = 0; path = "CR Fly.app"; sourceTree = BUILT_PRODUCTS_DIR; };
		803D79B2294E053300DC0D3E /* AppController.swift */ = {isa = PBXFileReference; lastKnownFileType = sourcecode.swift; path = AppController.swift; sourceTree = "<group>"; };
		803D79B6294E053500DC0D3E /* Assets.xcassets */ = {isa = PBXFileReference; lastKnownFileType = folder.assetcatalog; path = Assets.xcassets; sourceTree = "<group>"; };
		8056F1C02B3E12B8001DC8B6 /* AlbumSource.swift */ = {isa = PBXFileReference; lastKnownFileType = sourcecode.swift; path = AlbumSource.swift; sourceTree = "<group>"; };
		8056F1C62B3E1418001DC8B6 /* MediaItem.swift */ = {isa = PBXFileReference; lastKnownFileType = sourcecode.swift; path = MediaItem.swift; sourceTree = "<group>"; };
		805A758B2AAB121C00EB53D2 /* ViewController.swift */ = {isa = PBXFileReference; lastKnownFileType = sourcecode.swift; path = ViewController.swift; sourceTree = "<group>"; };
		805A75942AAB2FFD00EB53D2 /* ApplicationData.swift */ = {isa = PBXFileReference; lastKnownFileType = sourcecode.swift; path = ApplicationData.swift; sourceTree = "<group>"; };
		805A75982AAB323A00EB53D2 /* ScannerView.swift */ = {isa = PBXFileReference; lastKnownFileType = sourcecode.swift; path = ScannerView.swift; sourceTree = "<group>"; };
		805AC6FC2A1510B9008061FE /* CR Fly.entitlements */ = {isa = PBXFileReference; lastKnownFileType = text.plist.entitlements; path = "CR Fly.entitlements"; sourceTree = "<group>"; };
		805C1D0D2B3681D8001371C6 /* ManualInputView.swift */ = {isa = PBXFileReference; lastKnownFileType = sourcecode.swift; path = ManualInputView.swift; sourceTree = "<group>"; };
		805E705F2AA5D680008220FC /* RCCommand.swift */ = {isa = PBXFileReference; lastKnownFileType = sourcecode.swift; path = RCCommand.swift; sourceTree = "<group>"; };
		80AFDF562AA9E6FB00D26F88 /* MainView.swift */ = {isa = PBXFileReference; lastKnownFileType = sourcecode.swift; path = MainView.swift; sourceTree = "<group>"; };
		80B7B3082B34A3AF000D5498 /* QRCodeScanner.swift */ = {isa = PBXFileReference; lastKnownFileType = sourcecode.swift; path = QRCodeScanner.swift; sourceTree = "<group>"; };
		80B7B30A2B35D5BC000D5498 /* QRScannerView.swift */ = {isa = PBXFileReference; fileEncoding = 4; lastKnownFileType = sourcecode.swift; path = QRScannerView.swift; sourceTree = "<group>"; };
		80D6343D2B375F75006F3CE9 /* RCNodeController.swift */ = {isa = PBXFileReference; lastKnownFileType = sourcecode.swift; path = RCNodeController.swift; sourceTree = "<group>"; };
		80ED9CA02B3C85940026082C /* DroneCommand.swift */ = {isa = PBXFileReference; lastKnownFileType = sourcecode.swift; path = DroneCommand.swift; sourceTree = "<group>"; };
		80ED9CA22B3C85C00026082C /* EnterDroneAlbum.swift */ = {isa = PBXFileReference; lastKnownFileType = sourcecode.swift; path = EnterDroneAlbum.swift; sourceTree = "<group>"; };
		80ED9CA42B3CB7480026082C /* FetchDroneMedia.swift */ = {isa = PBXFileReference; lastKnownFileType = sourcecode.swift; path = FetchDroneMedia.swift; sourceTree = "<group>"; };
		80ED9CAB2B3CC00E0026082C /* DroneHelper.swift */ = {isa = PBXFileReference; lastKnownFileType = sourcecode.swift; path = DroneHelper.swift; sourceTree = "<group>"; };
		80F55C372B3A3DA5000B4383 /* LocationController.swift */ = {isa = PBXFileReference; lastKnownFileType = sourcecode.swift; path = LocationController.swift; sourceTree = "<group>"; };
		80F55C3A2B3B4412000B4383 /* AlbumView.swift */ = {isa = PBXFileReference; lastKnownFileType = sourcecode.swift; path = AlbumView.swift; sourceTree = "<group>"; };
		80F55C402B3B5730000B4383 /* AlbumTopBar.swift */ = {isa = PBXFileReference; lastKnownFileType = sourcecode.swift; path = AlbumTopBar.swift; sourceTree = "<group>"; };
		80F55C422B3B5B0F000B4383 /* AlbumBottomBar.swift */ = {isa = PBXFileReference; lastKnownFileType = sourcecode.swift; path = AlbumBottomBar.swift; sourceTree = "<group>"; };
		80F55C442B3B6ED2000B4383 /* AlbumMediaList.swift */ = {isa = PBXFileReference; lastKnownFileType = sourcecode.swift; path = AlbumMediaList.swift; sourceTree = "<group>"; };
		80F55C462B3C5100000B4383 /* DroneController.swift */ = {isa = PBXFileReference; lastKnownFileType = sourcecode.swift; path = DroneController.swift; sourceTree = "<group>"; };
		9FA9A52089964519B5295167 /* Pods_CR_Fly.framework */ = {isa = PBXFileReference; explicitFileType = wrapper.framework; includeInIndex = 0; path = Pods_CR_Fly.framework; sourceTree = BUILT_PRODUCTS_DIR; };
		CB9DC69CEBA091B20909B062 /* Pods-CR Fly.release.xcconfig */ = {isa = PBXFileReference; includeInIndex = 1; lastKnownFileType = text.xcconfig; name = "Pods-CR Fly.release.xcconfig"; path = "Target Support Files/Pods-CR Fly/Pods-CR Fly.release.xcconfig"; sourceTree = "<group>"; };
		D0E0A1DB9B10979FA6C6EC33 /* Pods-CR Fly.debug.xcconfig */ = {isa = PBXFileReference; includeInIndex = 1; lastKnownFileType = text.xcconfig; name = "Pods-CR Fly.debug.xcconfig"; path = "Target Support Files/Pods-CR Fly/Pods-CR Fly.debug.xcconfig"; sourceTree = "<group>"; };
/* End PBXFileReference section */

/* Begin PBXFrameworksBuildPhase section */
		803D79AC294E053300DC0D3E /* Frameworks */ = {
			isa = PBXFrameworksBuildPhase;
			buildActionMask = 2147483647;
			files = (
				D639DC86FBD6DB049026CEFC /* Pods_CR_Fly.framework in Frameworks */,
			);
			runOnlyForDeploymentPostprocessing = 0;
		};
/* End PBXFrameworksBuildPhase section */

/* Begin PBXGroup section */
		800356932B31F563008E5922 /* Controllers */ = {
			isa = PBXGroup;
			children = (
				805A758B2AAB121C00EB53D2 /* ViewController.swift */,
				80B7B3082B34A3AF000D5498 /* QRCodeScanner.swift */,
				80F55C372B3A3DA5000B4383 /* LocationController.swift */,
				80D6343D2B375F75006F3CE9 /* RCNodeController.swift */,
				80F55C462B3C5100000B4383 /* DroneController.swift */,
			);
			path = Controllers;
			sourceTree = "<group>";
		};
		800886092B3DC9BC00937A96 /* Structures */ = {
			isa = PBXGroup;
			children = (
				8008860A2B3DC9E300937A96 /* ViewType.swift */,
				8056F1C02B3E12B8001DC8B6 /* AlbumSource.swift */,
				8008860C2B3DCA3B00937A96 /* MediaFilter.swift */,
				8056F1C62B3E1418001DC8B6 /* MediaItem.swift */,
				800886102B3DCA6A00937A96 /* MediaDownloadState.swift */,
				800886142B3DD23B00937A96 /* MediaUploadState.swift */,
			);
			path = Structures;
			sourceTree = "<group>";
		};
		803D79A6294E053300DC0D3E = {
			isa = PBXGroup;
			children = (
				803D79B1294E053300DC0D3E /* CR Fly */,
				803D79B0294E053300DC0D3E /* Products */,
				836FA188223B8FA54F9D6D05 /* Pods */,
				D4C21582E967F4C1A4D7376E /* Frameworks */,
			);
			sourceTree = "<group>";
		};
		803D79B0294E053300DC0D3E /* Products */ = {
			isa = PBXGroup;
			children = (
				803D79AF294E053300DC0D3E /* CR Fly.app */,
			);
			name = Products;
			sourceTree = "<group>";
		};
		803D79B1294E053300DC0D3E /* CR Fly */ = {
			isa = PBXGroup;
			children = (
				805AC6FC2A1510B9008061FE /* CR Fly.entitlements */,
				8027C1DC29584A7C00E0B6AC /* CR-Fly-Info.plist */,
				803D79B6294E053500DC0D3E /* Assets.xcassets */,
				800886122B3DCF6700937A96 /* CRFly.swift */,
				803D79B2294E053300DC0D3E /* AppController.swift */,
				805A75942AAB2FFD00EB53D2 /* ApplicationData.swift */,
				800356932B31F563008E5922 /* Controllers */,
				80ED9CAA2B3CBFFF0026082C /* Helpers */,
				80AFDF392AA9E0D900D26F88 /* Views */,
				800886092B3DC9BC00937A96 /* Structures */,
				805E705E2AA5D672008220FC /* RCCommands */,
				80ED9C9F2B3C85710026082C /* DroneCommands */,
			);
			path = "CR Fly";
			sourceTree = "<group>";
		};
		805A75A72AAC5A6F00EB53D2 /* QRScanner */ = {
			isa = PBXGroup;
			children = (
				805A75982AAB323A00EB53D2 /* ScannerView.swift */,
				805C1D0D2B3681D8001371C6 /* ManualInputView.swift */,
				80B7B30A2B35D5BC000D5498 /* QRScannerView.swift */,
			);
			path = QRScanner;
			sourceTree = "<group>";
		};
		805E705E2AA5D672008220FC /* RCCommands */ = {
			isa = PBXGroup;
			children = (
				805E705F2AA5D680008220FC /* RCCommand.swift */,
			);
			path = RCCommands;
			sourceTree = "<group>";
		};
		80AFDF392AA9E0D900D26F88 /* Views */ = {
			isa = PBXGroup;
			children = (
				805A75A72AAC5A6F00EB53D2 /* QRScanner */,
				80F55C3F2B3B56E4000B4383 /* PhotoAlbum */,
				80F55C392B3B43A5000B4383 /* DroneViews */,
				80AFDF562AA9E6FB00D26F88 /* MainView.swift */,
			);
			path = Views;
			sourceTree = "<group>";
		};
		80ED9C9F2B3C85710026082C /* DroneCommands */ = {
			isa = PBXGroup;
			children = (
				80ED9CA02B3C85940026082C /* DroneCommand.swift */,
				80ED9CA22B3C85C00026082C /* EnterDroneAlbum.swift */,
				80ED9CA42B3CB7480026082C /* FetchDroneMedia.swift */,
				800886052B3DC80A00937A96 /* DownloadDroneMedia.swift */,
			);
			path = DroneCommands;
			sourceTree = "<group>";
		};
		80ED9CAA2B3CBFFF0026082C /* Helpers */ = {
			isa = PBXGroup;
			children = (
				80ED9CAB2B3CC00E0026082C /* DroneHelper.swift */,
				800886072B3DC96D00937A96 /* SimpleDateFormatter.swift */,
			);
			path = Helpers;
			sourceTree = "<group>";
		};
		80F55C392B3B43A5000B4383 /* DroneViews */ = {
			isa = PBXGroup;
			children = (
			);
			path = DroneViews;
			sourceTree = "<group>";
		};
		80F55C3F2B3B56E4000B4383 /* PhotoAlbum */ = {
			isa = PBXGroup;
			children = (
				80F55C3A2B3B4412000B4383 /* AlbumView.swift */,
				80F55C402B3B5730000B4383 /* AlbumTopBar.swift */,
				80F55C422B3B5B0F000B4383 /* AlbumBottomBar.swift */,
				80F55C442B3B6ED2000B4383 /* AlbumMediaList.swift */,
			);
			path = PhotoAlbum;
			sourceTree = "<group>";
		};
		836FA188223B8FA54F9D6D05 /* Pods */ = {
			isa = PBXGroup;
			children = (
				D0E0A1DB9B10979FA6C6EC33 /* Pods-CR Fly.debug.xcconfig */,
				CB9DC69CEBA091B20909B062 /* Pods-CR Fly.release.xcconfig */,
			);
			path = Pods;
			sourceTree = "<group>";
		};
		D4C21582E967F4C1A4D7376E /* Frameworks */ = {
			isa = PBXGroup;
			children = (
				9FA9A52089964519B5295167 /* Pods_CR_Fly.framework */,
			);
			name = Frameworks;
			sourceTree = "<group>";
		};
/* End PBXGroup section */

/* Begin PBXNativeTarget section */
		803D79AE294E053300DC0D3E /* CR Fly */ = {
			isa = PBXNativeTarget;
			buildConfigurationList = 803D79BD294E053500DC0D3E /* Build configuration list for PBXNativeTarget "CR Fly" */;
			buildPhases = (
				2912D093FE1B4CB51872B445 /* [CP] Check Pods Manifest.lock */,
				803D79AB294E053300DC0D3E /* Sources */,
				803D79AC294E053300DC0D3E /* Frameworks */,
				803D79AD294E053300DC0D3E /* Resources */,
				019B5910FA1067CC6675ADEA /* [CP] Embed Pods Frameworks */,
			);
			buildRules = (
			);
			dependencies = (
			);
			name = "CR Fly";
			productName = "CR Fly";
			productReference = 803D79AF294E053300DC0D3E /* CR Fly.app */;
			productType = "com.apple.product-type.application";
		};
/* End PBXNativeTarget section */

/* Begin PBXProject section */
		803D79A7294E053300DC0D3E /* Project object */ = {
			isa = PBXProject;
			attributes = {
				BuildIndependentTargetsInParallel = 1;
				LastSwiftUpdateCheck = 1410;
				LastUpgradeCheck = 1410;
				TargetAttributes = {
					803D79AE294E053300DC0D3E = {
						CreatedOnToolsVersion = 14.1;
						LastSwiftMigration = 1420;
					};
				};
			};
			buildConfigurationList = 803D79AA294E053300DC0D3E /* Build configuration list for PBXProject "CR Fly" */;
			compatibilityVersion = "Xcode 14.0";
			developmentRegion = en;
			hasScannedForEncodings = 0;
			knownRegions = (
				en,
				Base,
			);
			mainGroup = 803D79A6294E053300DC0D3E;
			productRefGroup = 803D79B0294E053300DC0D3E /* Products */;
			projectDirPath = "";
			projectRoot = "";
			targets = (
				803D79AE294E053300DC0D3E /* CR Fly */,
			);
		};
/* End PBXProject section */

/* Begin PBXResourcesBuildPhase section */
		803D79AD294E053300DC0D3E /* Resources */ = {
			isa = PBXResourcesBuildPhase;
			buildActionMask = 2147483647;
			files = (
				803D79B7294E053500DC0D3E /* Assets.xcassets in Resources */,
			);
			runOnlyForDeploymentPostprocessing = 0;
		};
/* End PBXResourcesBuildPhase section */

/* Begin PBXShellScriptBuildPhase section */
		019B5910FA1067CC6675ADEA /* [CP] Embed Pods Frameworks */ = {
			isa = PBXShellScriptBuildPhase;
			buildActionMask = 2147483647;
			files = (
			);
			inputFileListPaths = (
				"${PODS_ROOT}/Target Support Files/Pods-CR Fly/Pods-CR Fly-frameworks-${CONFIGURATION}-input-files.xcfilelist",
			);
			name = "[CP] Embed Pods Frameworks";
			outputFileListPaths = (
				"${PODS_ROOT}/Target Support Files/Pods-CR Fly/Pods-CR Fly-frameworks-${CONFIGURATION}-output-files.xcfilelist",
			);
			runOnlyForDeploymentPostprocessing = 0;
			shellPath = /bin/sh;
			shellScript = "\"${PODS_ROOT}/Target Support Files/Pods-CR Fly/Pods-CR Fly-frameworks.sh\"\n";
			showEnvVarsInLog = 0;
		};
		2912D093FE1B4CB51872B445 /* [CP] Check Pods Manifest.lock */ = {
			isa = PBXShellScriptBuildPhase;
			buildActionMask = 2147483647;
			files = (
			);
			inputFileListPaths = (
			);
			inputPaths = (
				"${PODS_PODFILE_DIR_PATH}/Podfile.lock",
				"${PODS_ROOT}/Manifest.lock",
			);
			name = "[CP] Check Pods Manifest.lock";
			outputFileListPaths = (
			);
			outputPaths = (
				"$(DERIVED_FILE_DIR)/Pods-CR Fly-checkManifestLockResult.txt",
			);
			runOnlyForDeploymentPostprocessing = 0;
			shellPath = /bin/sh;
			shellScript = "diff \"${PODS_PODFILE_DIR_PATH}/Podfile.lock\" \"${PODS_ROOT}/Manifest.lock\" > /dev/null\nif [ $? != 0 ] ; then\n    # print error to STDERR\n    echo \"error: The sandbox is not in sync with the Podfile.lock. Run 'pod install' or update your CocoaPods installation.\" >&2\n    exit 1\nfi\n# This output is used by Xcode 'outputs' to avoid re-running this script phase.\necho \"SUCCESS\" > \"${SCRIPT_OUTPUT_FILE_0}\"\n";
			showEnvVarsInLog = 0;
		};
/* End PBXShellScriptBuildPhase section */

/* Begin PBXSourcesBuildPhase section */
		803D79AB294E053300DC0D3E /* Sources */ = {
			isa = PBXSourcesBuildPhase;
			buildActionMask = 2147483647;
			files = (
				80ED9CA32B3C85C00026082C /* EnterDroneAlbum.swift in Sources */,
				805A75952AAB2FFD00EB53D2 /* ApplicationData.swift in Sources */,
				80ED9CAC2B3CC00F0026082C /* DroneHelper.swift in Sources */,
				805C1D0E2B3681D8001371C6 /* ManualInputView.swift in Sources */,
				80ED9CA12B3C85940026082C /* DroneCommand.swift in Sources */,
				80F55C472B3C5100000B4383 /* DroneController.swift in Sources */,
				80D6343E2B375F75006F3CE9 /* RCNodeController.swift in Sources */,
				803D79B3294E053300DC0D3E /* AppController.swift in Sources */,
				80F55C3B2B3B4412000B4383 /* AlbumView.swift in Sources */,
				80AFDF572AA9E6FB00D26F88 /* MainView.swift in Sources */,
				8056F1C72B3E1418001DC8B6 /* MediaItem.swift in Sources */,
				8008860D2B3DCA3B00937A96 /* MediaFilter.swift in Sources */,
				80B7B30B2B35D5BD000D5498 /* QRScannerView.swift in Sources */,
				800886132B3DCF6700937A96 /* CRFly.swift in Sources */,
				80B7B3092B34A3AF000D5498 /* QRCodeScanner.swift in Sources */,
				800886062B3DC80A00937A96 /* DownloadDroneMedia.swift in Sources */,
				80F55C432B3B5B0F000B4383 /* AlbumBottomBar.swift in Sources */,
				80F55C412B3B5730000B4383 /* AlbumTopBar.swift in Sources */,
				800886082B3DC96D00937A96 /* SimpleDateFormatter.swift in Sources */,
				80F55C452B3B6ED2000B4383 /* AlbumMediaList.swift in Sources */,
				805A75992AAB323A00EB53D2 /* ScannerView.swift in Sources */,
				80ED9CA52B3CB7480026082C /* FetchDroneMedia.swift in Sources */,
				8056F1C12B3E12B8001DC8B6 /* AlbumSource.swift in Sources */,
				8008860B2B3DC9E300937A96 /* ViewType.swift in Sources */,
				800886112B3DCA6A00937A96 /* MediaDownloadState.swift in Sources */,
				805A758C2AAB121C00EB53D2 /* ViewController.swift in Sources */,
				80F55C382B3A3DA5000B4383 /* LocationController.swift in Sources */,
				805E70602AA5D680008220FC /* RCCommand.swift in Sources */,
				800886152B3DD23B00937A96 /* MediaUploadState.swift in Sources */,
			);
			runOnlyForDeploymentPostprocessing = 0;
		};
/* End PBXSourcesBuildPhase section */

/* Begin XCBuildConfiguration section */
		803D79BB294E053500DC0D3E /* Debug */ = {
			isa = XCBuildConfiguration;
			buildSettings = {
				ALWAYS_EMBED_SWIFT_STANDARD_LIBRARIES = NO;
				ALWAYS_SEARCH_USER_PATHS = NO;
				CLANG_ANALYZER_NONNULL = YES;
				CLANG_ANALYZER_NUMBER_OBJECT_CONVERSION = YES_AGGRESSIVE;
				CLANG_CXX_LANGUAGE_STANDARD = "gnu++20";
				CLANG_ENABLE_MODULES = YES;
				CLANG_ENABLE_OBJC_ARC = YES;
				CLANG_ENABLE_OBJC_WEAK = YES;
				CLANG_WARN_BLOCK_CAPTURE_AUTORELEASING = YES;
				CLANG_WARN_BOOL_CONVERSION = YES;
				CLANG_WARN_COMMA = YES;
				CLANG_WARN_CONSTANT_CONVERSION = YES;
				CLANG_WARN_DEPRECATED_OBJC_IMPLEMENTATIONS = YES;
				CLANG_WARN_DIRECT_OBJC_ISA_USAGE = YES_ERROR;
				CLANG_WARN_DOCUMENTATION_COMMENTS = YES;
				CLANG_WARN_EMPTY_BODY = YES;
				CLANG_WARN_ENUM_CONVERSION = YES;
				CLANG_WARN_INFINITE_RECURSION = YES;
				CLANG_WARN_INT_CONVERSION = YES;
				CLANG_WARN_NON_LITERAL_NULL_CONVERSION = YES;
				CLANG_WARN_OBJC_IMPLICIT_RETAIN_SELF = YES;
				CLANG_WARN_OBJC_LITERAL_CONVERSION = YES;
				CLANG_WARN_OBJC_ROOT_CLASS = YES_ERROR;
				CLANG_WARN_QUOTED_INCLUDE_IN_FRAMEWORK_HEADER = YES;
				CLANG_WARN_RANGE_LOOP_ANALYSIS = YES;
				CLANG_WARN_STRICT_PROTOTYPES = YES;
				CLANG_WARN_SUSPICIOUS_MOVE = YES;
				CLANG_WARN_UNGUARDED_AVAILABILITY = YES_AGGRESSIVE;
				CLANG_WARN_UNREACHABLE_CODE = YES;
				CLANG_WARN__DUPLICATE_METHOD_MATCH = YES;
				COPY_PHASE_STRIP = NO;
				DEBUG_INFORMATION_FORMAT = dwarf;
				ENABLE_STRICT_OBJC_MSGSEND = YES;
				ENABLE_TESTABILITY = YES;
				GCC_C_LANGUAGE_STANDARD = gnu11;
				GCC_DYNAMIC_NO_PIC = NO;
				GCC_NO_COMMON_BLOCKS = YES;
				GCC_OPTIMIZATION_LEVEL = 0;
				GCC_PREPROCESSOR_DEFINITIONS = (
					"DEBUG=1",
					"$(inherited)",
				);
				GCC_WARN_64_TO_32_BIT_CONVERSION = YES;
				GCC_WARN_ABOUT_RETURN_TYPE = YES_ERROR;
				GCC_WARN_UNDECLARED_SELECTOR = YES;
				GCC_WARN_UNINITIALIZED_AUTOS = YES_AGGRESSIVE;
				GCC_WARN_UNUSED_FUNCTION = YES;
				GCC_WARN_UNUSED_VARIABLE = YES;
				IPHONEOS_DEPLOYMENT_TARGET = 16.1;
				MTL_ENABLE_DEBUG_INFO = INCLUDE_SOURCE;
				MTL_FAST_MATH = YES;
				ONLY_ACTIVE_ARCH = YES;
				SDKROOT = iphoneos;
				SWIFT_ACTIVE_COMPILATION_CONDITIONS = DEBUG;
				SWIFT_OPTIMIZATION_LEVEL = "-Onone";
			};
			name = Debug;
		};
		803D79BC294E053500DC0D3E /* Release */ = {
			isa = XCBuildConfiguration;
			buildSettings = {
				ALWAYS_EMBED_SWIFT_STANDARD_LIBRARIES = NO;
				ALWAYS_SEARCH_USER_PATHS = NO;
				CLANG_ANALYZER_NONNULL = YES;
				CLANG_ANALYZER_NUMBER_OBJECT_CONVERSION = YES_AGGRESSIVE;
				CLANG_CXX_LANGUAGE_STANDARD = "gnu++20";
				CLANG_ENABLE_MODULES = YES;
				CLANG_ENABLE_OBJC_ARC = YES;
				CLANG_ENABLE_OBJC_WEAK = YES;
				CLANG_WARN_BLOCK_CAPTURE_AUTORELEASING = YES;
				CLANG_WARN_BOOL_CONVERSION = YES;
				CLANG_WARN_COMMA = YES;
				CLANG_WARN_CONSTANT_CONVERSION = YES;
				CLANG_WARN_DEPRECATED_OBJC_IMPLEMENTATIONS = YES;
				CLANG_WARN_DIRECT_OBJC_ISA_USAGE = YES_ERROR;
				CLANG_WARN_DOCUMENTATION_COMMENTS = YES;
				CLANG_WARN_EMPTY_BODY = YES;
				CLANG_WARN_ENUM_CONVERSION = YES;
				CLANG_WARN_INFINITE_RECURSION = YES;
				CLANG_WARN_INT_CONVERSION = YES;
				CLANG_WARN_NON_LITERAL_NULL_CONVERSION = YES;
				CLANG_WARN_OBJC_IMPLICIT_RETAIN_SELF = YES;
				CLANG_WARN_OBJC_LITERAL_CONVERSION = YES;
				CLANG_WARN_OBJC_ROOT_CLASS = YES_ERROR;
				CLANG_WARN_QUOTED_INCLUDE_IN_FRAMEWORK_HEADER = YES;
				CLANG_WARN_RANGE_LOOP_ANALYSIS = YES;
				CLANG_WARN_STRICT_PROTOTYPES = YES;
				CLANG_WARN_SUSPICIOUS_MOVE = YES;
				CLANG_WARN_UNGUARDED_AVAILABILITY = YES_AGGRESSIVE;
				CLANG_WARN_UNREACHABLE_CODE = YES;
				CLANG_WARN__DUPLICATE_METHOD_MATCH = YES;
				COPY_PHASE_STRIP = NO;
				DEBUG_INFORMATION_FORMAT = "dwarf-with-dsym";
				ENABLE_NS_ASSERTIONS = NO;
				ENABLE_STRICT_OBJC_MSGSEND = YES;
				GCC_C_LANGUAGE_STANDARD = gnu11;
				GCC_NO_COMMON_BLOCKS = YES;
				GCC_WARN_64_TO_32_BIT_CONVERSION = YES;
				GCC_WARN_ABOUT_RETURN_TYPE = YES_ERROR;
				GCC_WARN_UNDECLARED_SELECTOR = YES;
				GCC_WARN_UNINITIALIZED_AUTOS = YES_AGGRESSIVE;
				GCC_WARN_UNUSED_FUNCTION = YES;
				GCC_WARN_UNUSED_VARIABLE = YES;
				IPHONEOS_DEPLOYMENT_TARGET = 16.1;
				MTL_ENABLE_DEBUG_INFO = NO;
				MTL_FAST_MATH = YES;
				ONLY_ACTIVE_ARCH = NO;
				SDKROOT = iphoneos;
				SWIFT_COMPILATION_MODE = wholemodule;
				SWIFT_OPTIMIZATION_LEVEL = "-O";
				VALIDATE_PRODUCT = YES;
			};
			name = Release;
		};
		803D79BE294E053500DC0D3E /* Debug */ = {
			isa = XCBuildConfiguration;
			baseConfigurationReference = D0E0A1DB9B10979FA6C6EC33 /* Pods-CR Fly.debug.xcconfig */;
			buildSettings = {
				ASSETCATALOG_COMPILER_APPICON_NAME = AppIcon;
				ASSETCATALOG_COMPILER_GLOBAL_ACCENT_COLOR_NAME = AccentColor;
				CLANG_ENABLE_MODULES = YES;
				CODE_SIGN_ENTITLEMENTS = "CR Fly/CR Fly.entitlements";
				CODE_SIGN_STYLE = Automatic;
				CURRENT_PROJECT_VERSION = 1;
				DEVELOPMENT_ASSET_PATHS = "";
				DEVELOPMENT_TEAM = 383777U9D5;
				ENABLE_PREVIEWS = YES;
				GENERATE_INFOPLIST_FILE = YES;
				INFOPLIST_FILE = "CR-Fly-Info.plist";
				INFOPLIST_KEY_LSApplicationCategoryType = "";
				INFOPLIST_KEY_NSBluetoothAlwaysUsageDescription = "Some DJISDK things.";
				INFOPLIST_KEY_NSCameraUsageDescription = "Second screen QR reader.";
				INFOPLIST_KEY_NSLocationAlwaysAndWhenInUseUsageDescription = "To access you position on map.";
				INFOPLIST_KEY_NSLocationWhenInUseUsageDescription = "To access possition on map.";
				INFOPLIST_KEY_NSPhotoLibraryAddUsageDescription = "To allow saving photos to phone.";
				INFOPLIST_KEY_UIApplicationSupportsIndirectInputEvents = YES;
				INFOPLIST_KEY_UILaunchScreen_Generation = YES;
				INFOPLIST_KEY_UISupportedInterfaceOrientations_iPad = "UIInterfaceOrientationLandscapeLeft UIInterfaceOrientationLandscapeRight";
				INFOPLIST_KEY_UISupportedInterfaceOrientations_iPhone = "UIInterfaceOrientationLandscapeLeft UIInterfaceOrientationLandscapeRight";
				INFOPLIST_KEY_UISupportsDocumentBrowser = YES;
				IPHONEOS_DEPLOYMENT_TARGET = 17.0;
				LD_RUNPATH_SEARCH_PATHS = (
					"$(inherited)",
					"@executable_path/Frameworks",
				);
				MARKETING_VERSION = 1.0;
				PRODUCT_BUNDLE_IDENTIFIER = "com.rp.CR-Fly";
				PRODUCT_NAME = "$(TARGET_NAME)";
				SWIFT_EMIT_LOC_STRINGS = YES;
				SWIFT_OPTIMIZATION_LEVEL = "-Onone";
				SWIFT_VERSION = 5.0;
				TARGETED_DEVICE_FAMILY = "1,2";
			};
			name = Debug;
		};
		803D79BF294E053500DC0D3E /* Release */ = {
			isa = XCBuildConfiguration;
			baseConfigurationReference = CB9DC69CEBA091B20909B062 /* Pods-CR Fly.release.xcconfig */;
			buildSettings = {
				ASSETCATALOG_COMPILER_APPICON_NAME = AppIcon;
				ASSETCATALOG_COMPILER_GLOBAL_ACCENT_COLOR_NAME = AccentColor;
				CLANG_ENABLE_MODULES = YES;
				CODE_SIGN_ENTITLEMENTS = "CR Fly/CR Fly.entitlements";
				CODE_SIGN_STYLE = Automatic;
				CURRENT_PROJECT_VERSION = 1;
				DEVELOPMENT_ASSET_PATHS = "";
				DEVELOPMENT_TEAM = 383777U9D5;
				ENABLE_PREVIEWS = YES;
				GENERATE_INFOPLIST_FILE = YES;
				INFOPLIST_FILE = "CR-Fly-Info.plist";
				INFOPLIST_KEY_LSApplicationCategoryType = "";
				INFOPLIST_KEY_NSBluetoothAlwaysUsageDescription = "Some DJISDK things.";
				INFOPLIST_KEY_NSCameraUsageDescription = "Second screen QR reader.";
				INFOPLIST_KEY_NSLocationAlwaysAndWhenInUseUsageDescription = "To access you position on map.";
				INFOPLIST_KEY_NSLocationWhenInUseUsageDescription = "To access possition on map.";
				INFOPLIST_KEY_NSPhotoLibraryAddUsageDescription = "To allow saving photos to phone.";
				INFOPLIST_KEY_UIApplicationSupportsIndirectInputEvents = YES;
				INFOPLIST_KEY_UILaunchScreen_Generation = YES;
				INFOPLIST_KEY_UISupportedInterfaceOrientations_iPad = "UIInterfaceOrientationLandscapeLeft UIInterfaceOrientationLandscapeRight";
				INFOPLIST_KEY_UISupportedInterfaceOrientations_iPhone = "UIInterfaceOrientationLandscapeLeft UIInterfaceOrientationLandscapeRight";
				INFOPLIST_KEY_UISupportsDocumentBrowser = YES;
				IPHONEOS_DEPLOYMENT_TARGET = 17.0;
				LD_RUNPATH_SEARCH_PATHS = (
					"$(inherited)",
					"@executable_path/Frameworks",
				);
				MARKETING_VERSION = 1.0;
				PRODUCT_BUNDLE_IDENTIFIER = "com.rp.CR-Fly";
				PRODUCT_NAME = "$(TARGET_NAME)";
				SWIFT_EMIT_LOC_STRINGS = YES;
				SWIFT_VERSION = 5.0;
				TARGETED_DEVICE_FAMILY = "1,2";
			};
			name = Release;
		};
/* End XCBuildConfiguration section */

/* Begin XCConfigurationList section */
		803D79AA294E053300DC0D3E /* Build configuration list for PBXProject "CR Fly" */ = {
			isa = XCConfigurationList;
			buildConfigurations = (
				803D79BB294E053500DC0D3E /* Debug */,
				803D79BC294E053500DC0D3E /* Release */,
			);
			defaultConfigurationIsVisible = 0;
			defaultConfigurationName = Release;
		};
		803D79BD294E053500DC0D3E /* Build configuration list for PBXNativeTarget "CR Fly" */ = {
			isa = XCConfigurationList;
			buildConfigurations = (
				803D79BE294E053500DC0D3E /* Debug */,
				803D79BF294E053500DC0D3E /* Release */,
			);
			defaultConfigurationIsVisible = 0;
			defaultConfigurationName = Release;
		};
/* End XCConfigurationList section */
	};
	rootObject = 803D79A7294E053300DC0D3E /* Project object */;
}
